<?xml version="1.0" encoding="UTF-8"?>
<Scheme
   LastUpgradeVersion = "2600"
   version = "1.7">
   <BuildAction
      parallelizeBuildables = "YES"
      buildImplicitDependencies = "YES"
      buildArchitectures = "Automatic">
      <BuildActionEntries>
         <BuildActionEntry
            buildForTesting = "YES"
            buildForRunning = "YES"
            buildForProfiling = "YES"
            buildForArchiving = "YES"
            buildForAnalyzing = "YES">
            <BuildableReference
               BuildableIdentifier = "primary"
               BlueprintIdentifier = "232736E22E2B8564004A52C6"
               BuildableName = "CyntientOps.app"
               BlueprintName = "CyntientOps"
               ReferencedContainer = "container:CyntientOps.xcodeproj">
            </BuildableReference>
         </BuildActionEntry>
      </BuildActionEntries>
   </BuildAction>
   <TestAction
      buildConfiguration = "Debug"
      selectedDebuggerIdentifier = "Xcode.DebuggerFoundation.Debugger.LLDB"
      selectedLauncherIdentifier = "Xcode.DebuggerFoundation.Launcher.LLDB"
      shouldUseLaunchSchemeArgsEnv = "YES"
      shouldAutocreateTestPlan = "YES">
      <EnvironmentVariables>
         <EnvironmentVariable
            key = "NYC_APP_TOKEN"
            value = "dbO8NmN2pMcmSQO7w56rTaFax"
            isEnabled = "YES">
         </EnvironmentVariable>
         <EnvironmentVariable
            key = "DSNY_API_TOKEN"
            value = "dbO8NmN2pMcmSQO7w56rTaFax"
            isEnabled = "YES">
         </EnvironmentVariable>
      </EnvironmentVariables>
      <Testables>
         <TestableReference
            skipped = "NO"
            parallelizable = "YES">
            <BuildableReference
               BuildableIdentifier = "primary"
               BlueprintIdentifier = "232736EF2E2B8565004A52C6"
               BuildableName = "CyntientOpsTests.xctest"
               BlueprintName = "CyntientOpsTests"
               ReferencedContainer = "container:CyntientOps.xcodeproj">
            </BuildableReference>
         </TestableReference>
         <TestableReference
            skipped = "NO"
            parallelizable = "YES">
            <BuildableReference
               BuildableIdentifier = "primary"
               BlueprintIdentifier = "232736F92E2B8565004A52C6"
               BuildableName = "CyntientOpsUITests.xctest"
               BlueprintName = "CyntientOpsUITests"
               ReferencedContainer = "container:CyntientOps.xcodeproj">
            </BuildableReference>
         </TestableReference>
      </Testables>
   </TestAction>
   <LaunchAction
      buildConfiguration = "Debug"
      selectedDebuggerIdentifier = "Xcode.DebuggerFoundation.Debugger.LLDB"
      selectedLauncherIdentifier = "Xcode.DebuggerFoundation.Launcher.LLDB"
      launchStyle = "0"
      useCustomWorkingDirectory = "NO"
      ignoresPersistentStateOnLaunch = "NO"
      debugDocumentVersioning = "YES"
      debugServiceExtension = "internal"
      allowLocationSimulation = "YES">
      <BuildableProductRunnable
         runnableDebuggingMode = "0">
         <BuildableReference
            BuildableIdentifier = "primary"
            BlueprintIdentifier = "232736E22E2B8564004A52C6"
            BuildableName = "CyntientOps.app"
            BlueprintName = "CyntientOps"
            ReferencedContainer = "container:CyntientOps.xcodeproj">
         </BuildableReference>
      </BuildableProductRunnable>
      <EnvironmentVariables>
         <EnvironmentVariable
            key = "NYC_APP_TOKEN"
            value = "dbO8NmN2pMcmSQO7w56rTaFax"
            isEnabled = "YES">
         </EnvironmentVariable>
         <EnvironmentVariable
            key = "DSNY_API_TOKEN"
            value = "dbO8NmN2pMcmSQO7w56rTaFax"
            isEnabled = "YES">
         </EnvironmentVariable>
      </EnvironmentVariables>
   </LaunchAction>
   <ProfileAction
      buildConfiguration = "Release"
      shouldUseLaunchSchemeArgsEnv = "YES"
      savedToolIdentifier = ""
      useCustomWorkingDirectory = "NO"
      debugDocumentVersioning = "YES">
      <BuildableProductRunnable
         runnableDebuggingMode = "0">
         <BuildableReference
            BuildableIdentifier = "primary"
            BlueprintIdentifier = "232736E22E2B8564004A52C6"
            BuildableName = "CyntientOps.app"
            BlueprintName = "CyntientOps"
            ReferencedContainer = "container:CyntientOps.xcodeproj">
         </BuildableReference>
      </BuildableProductRunnable>
   </ProfileAction>
   <AnalyzeAction
      buildConfiguration = "Debug">
   </AnalyzeAction>
   <ArchiveAction
      buildConfiguration = "Release"
      revealArchiveInOrganizer = "YES">
   </ArchiveAction>
</Scheme>
